
Microsoft Visual Studio Solution File, Format Version 12.00
# Visual Studio Version 17
VisualStudioVersion = 17.2.32616.157
MinimumVisualStudioVersion = 10.0.40219.1
Project("{FAE04EC0-301F-11D3-BF4B-00C04F79EFBC}") = "W1D1T1", "W1D1T1\W1D1T1.csproj", "{1071F12D-C7E4-413E-AB74-CA00745CE833}"
EndProject
Project("{2150E333-8FDC-42A3-9474-1A3956D46DE8}") = "Day1", "Day1", "{4D19495F-F4AB-4C1F-8612-F4FDE81C3948}"
EndProject
Project("{2150E333-8FDC-42A3-9474-1A3956D46DE8}") = "Day2", "Day2", "{07C2E710-62E4-4EBD-88FA-9D4E58A73C80}"
EndProject
Project("{2150E333-8FDC-42A3-9474-1A3956D46DE8}") = "Day3", "Day3", "{7065B335-01F2-42E5-B3A1-A8EF30BC6AC2}"
EndProject
Project("{FAE04EC0-301F-11D3-BF4B-00C04F79EFBC}") = "W1D1T2", "W1D1T2\W1D1T2.csproj", "{3167B24A-4646-45F6-9BA0-27D2CF711BD7}"
EndProject
Project("{FAE04EC0-301F-11D3-BF4B-00C04F79EFBC}") = "W1D1T3", "W1D1T3\W1D1T3.csproj", "{9B413E6C-28D7-4655-AB17-7CA02755ADED}"
EndProject
Project("{FAE04EC0-301F-11D3-BF4B-00C04F79EFBC}") = "W1D1T4", "W1D1T4\W1D1T4.csproj", "{D8C584C7-F114-4601-B3B4-C9B7B422BFDF}"
EndProject
Project("{FAE04EC0-301F-11D3-BF4B-00C04F79EFBC}") = "W1D2T1", "W1D2T1\W1D2T1.csproj", "{14276246-325D-4AAB-93EE-306346360B2F}"
EndProject
Project("{FAE04EC0-301F-11D3-BF4B-00C04F79EFBC}") = "W1D2T2", "W1D2T2\W1D2T2.csproj", "{73F95DF1-9CCD-425E-8FCD-F5F7396F4666}"
EndProject
Project("{FAE04EC0-301F-11D3-BF4B-00C04F79EFBC}") = "W1D2T3", "W1D2T3\W1D2T3.csproj", "{73A39F95-3CE8-4530-B7F0-5D257DAE789E}"
EndProject
Project("{FAE04EC0-301F-11D3-BF4B-00C04F79EFBC}") = "W1D2T4", "W1D2T4\W1D2T4.csproj", "{80B80BD6-A0C4-4C98-BEE1-FDE9663103CE}"
EndProject
Project("{FAE04EC0-301F-11D3-BF4B-00C04F79EFBC}") = "W1D2T5", "W1D2T5\W1D2T5.csproj", "{F2C7A5FD-C1E4-4EED-97C9-D538F3CF3802}"
EndProject
Project("{FAE04EC0-301F-11D3-BF4B-00C04F79EFBC}") = "W1D2T6", "W1D2T6\W1D2T6.csproj", "{A553106B-D9E6-4379-A49B-4A85F26AB8D1}"
EndProject
Project("{FAE04EC0-301F-11D3-BF4B-00C04F79EFBC}") = "W1D2T7", "W1D2T7\W1D2T7.csproj", "{6313743E-A35B-46C4-8401-55700F3BCE1F}"
EndProject
Project("{FAE04EC0-301F-11D3-BF4B-00C04F79EFBC}") = "W1D2T9", "W1D2T9\W1D2T9.csproj", "{19D7CDE9-EFA8-415B-AE0C-D8C5580A6D06}"
EndProject
Project("{FAE04EC0-301F-11D3-BF4B-00C04F79EFBC}") = "W1D2T8", "W1D2T8\W1D2T8.csproj", "{C30031F6-2ACA-4C3F-8647-5AD07A71A987}"
EndProject
Project("{FAE04EC0-301F-11D3-BF4B-00C04F79EFBC}") = "W1D3T1", "W1D3T1\W1D3T1.csproj", "{4A9E8651-EBBB-4D9E-B8A5-DD571531D36B}"
EndProject
Project("{FAE04EC0-301F-11D3-BF4B-00C04F79EFBC}") = "W1D3T2", "W1D3T2\W1D3T2.csproj", "{1D03DFDE-EE67-4F47-85D6-55016266B284}"
EndProject
Project("{FAE04EC0-301F-11D3-BF4B-00C04F79EFBC}") = "W1D3T3", "W1D3T3\W1D3T3.csproj", "{0678E90B-5BB3-440A-916A-2D096E368B26}"
EndProject
Project("{FAE04EC0-301F-11D3-BF4B-00C04F79EFBC}") = "W1D3T4", "W1D3T4\W1D3T4.csproj", "{5BE2F252-0444-4534-B4FF-638BF5DE6054}"
EndProject
Project("{FAE04EC0-301F-11D3-BF4B-00C04F79EFBC}") = "W1D3T5", "W1D3T5\W1D3T5.csproj", "{E4DC4703-C702-404C-A540-E8AAB1198CD6}"
EndProject
Global
	GlobalSection(SolutionConfigurationPlatforms) = preSolution
		Debug|Any CPU = Debug|Any CPU
		Release|Any CPU = Release|Any CPU
	EndGlobalSection
	GlobalSection(ProjectConfigurationPlatforms) = postSolution
		{1071F12D-C7E4-413E-AB74-CA00745CE833}.Debug|Any CPU.ActiveCfg = Debug|Any CPU
		{1071F12D-C7E4-413E-AB74-CA00745CE833}.Debug|Any CPU.Build.0 = Debug|Any CPU
		{1071F12D-C7E4-413E-AB74-CA00745CE833}.Release|Any CPU.ActiveCfg = Release|Any CPU
		{1071F12D-C7E4-413E-AB74-CA00745CE833}.Release|Any CPU.Build.0 = Release|Any CPU
		{3167B24A-4646-45F6-9BA0-27D2CF711BD7}.Debug|Any CPU.ActiveCfg = Debug|Any CPU
		{3167B24A-4646-45F6-9BA0-27D2CF711BD7}.Debug|Any CPU.Build.0 = Debug|Any CPU
		{3167B24A-4646-45F6-9BA0-27D2CF711BD7}.Release|Any CPU.ActiveCfg = Release|Any CPU
		{3167B24A-4646-45F6-9BA0-27D2CF711BD7}.Release|Any CPU.Build.0 = Release|Any CPU
		{9B413E6C-28D7-4655-AB17-7CA02755ADED}.Debug|Any CPU.ActiveCfg = Debug|Any CPU
		{9B413E6C-28D7-4655-AB17-7CA02755ADED}.Debug|Any CPU.Build.0 = Debug|Any CPU
		{9B413E6C-28D7-4655-AB17-7CA02755ADED}.Release|Any CPU.ActiveCfg = Release|Any CPU
		{9B413E6C-28D7-4655-AB17-7CA02755ADED}.Release|Any CPU.Build.0 = Release|Any CPU
		{D8C584C7-F114-4601-B3B4-C9B7B422BFDF}.Debug|Any CPU.ActiveCfg = Debug|Any CPU
		{D8C584C7-F114-4601-B3B4-C9B7B422BFDF}.Debug|Any CPU.Build.0 = Debug|Any CPU
		{D8C584C7-F114-4601-B3B4-C9B7B422BFDF}.Release|Any CPU.ActiveCfg = Release|Any CPU
		{D8C584C7-F114-4601-B3B4-C9B7B422BFDF}.Release|Any CPU.Build.0 = Release|Any CPU
		{14276246-325D-4AAB-93EE-306346360B2F}.Debug|Any CPU.ActiveCfg = Debug|Any CPU
		{14276246-325D-4AAB-93EE-306346360B2F}.Debug|Any CPU.Build.0 = Debug|Any CPU
		{14276246-325D-4AAB-93EE-306346360B2F}.Release|Any CPU.ActiveCfg = Release|Any CPU
		{14276246-325D-4AAB-93EE-306346360B2F}.Release|Any CPU.Build.0 = Release|Any CPU
		{73F95DF1-9CCD-425E-8FCD-F5F7396F4666}.Debug|Any CPU.ActiveCfg = Debug|Any CPU
		{73F95DF1-9CCD-425E-8FCD-F5F7396F4666}.Debug|Any CPU.Build.0 = Debug|Any CPU
		{73F95DF1-9CCD-425E-8FCD-F5F7396F4666}.Release|Any CPU.ActiveCfg = Release|Any CPU
		{73F95DF1-9CCD-425E-8FCD-F5F7396F4666}.Release|Any CPU.Build.0 = Release|Any CPU
		{73A39F95-3CE8-4530-B7F0-5D257DAE789E}.Debug|Any CPU.ActiveCfg = Debug|Any CPU
		{73A39F95-3CE8-4530-B7F0-5D257DAE789E}.Debug|Any CPU.Build.0 = Debug|Any CPU
		{73A39F95-3CE8-4530-B7F0-5D257DAE789E}.Release|Any CPU.ActiveCfg = Release|Any CPU
		{73A39F95-3CE8-4530-B7F0-5D257DAE789E}.Release|Any CPU.Build.0 = Release|Any CPU
		{80B80BD6-A0C4-4C98-BEE1-FDE9663103CE}.Debug|Any CPU.ActiveCfg = Debug|Any CPU
		{80B80BD6-A0C4-4C98-BEE1-FDE9663103CE}.Debug|Any CPU.Build.0 = Debug|Any CPU
		{80B80BD6-A0C4-4C98-BEE1-FDE9663103CE}.Release|Any CPU.ActiveCfg = Release|Any CPU
		{80B80BD6-A0C4-4C98-BEE1-FDE9663103CE}.Release|Any CPU.Build.0 = Release|Any CPU
		{F2C7A5FD-C1E4-4EED-97C9-D538F3CF3802}.Debug|Any CPU.ActiveCfg = Debug|Any CPU
		{F2C7A5FD-C1E4-4EED-97C9-D538F3CF3802}.Debug|Any CPU.Build.0 = Debug|Any CPU
		{F2C7A5FD-C1E4-4EED-97C9-D538F3CF3802}.Release|Any CPU.ActiveCfg = Release|Any CPU
		{F2C7A5FD-C1E4-4EED-97C9-D538F3CF3802}.Release|Any CPU.Build.0 = Release|Any CPU
		{A553106B-D9E6-4379-A49B-4A85F26AB8D1}.Debug|Any CPU.ActiveCfg = Debug|Any CPU
		{A553106B-D9E6-4379-A49B-4A85F26AB8D1}.Debug|Any CPU.Build.0 = Debug|Any CPU
		{A553106B-D9E6-4379-A49B-4A85F26AB8D1}.Release|Any CPU.ActiveCfg = Release|Any CPU
		{A553106B-D9E6-4379-A49B-4A85F26AB8D1}.Release|Any CPU.Build.0 = Release|Any CPU
		{6313743E-A35B-46C4-8401-55700F3BCE1F}.Debug|Any CPU.ActiveCfg = Debug|Any CPU
		{6313743E-A35B-46C4-8401-55700F3BCE1F}.Debug|Any CPU.Build.0 = Debug|Any CPU
		{6313743E-A35B-46C4-8401-55700F3BCE1F}.Release|Any CPU.ActiveCfg = Release|Any CPU
		{6313743E-A35B-46C4-8401-55700F3BCE1F}.Release|Any CPU.Build.0 = Release|Any CPU
		{19D7CDE9-EFA8-415B-AE0C-D8C5580A6D06}.Debug|Any CPU.ActiveCfg = Debug|Any CPU
		{19D7CDE9-EFA8-415B-AE0C-D8C5580A6D06}.Debug|Any CPU.Build.0 = Debug|Any CPU
		{19D7CDE9-EFA8-415B-AE0C-D8C5580A6D06}.Release|Any CPU.ActiveCfg = Release|Any CPU
		{19D7CDE9-EFA8-415B-AE0C-D8C5580A6D06}.Release|Any CPU.Build.0 = Release|Any CPU
		{C30031F6-2ACA-4C3F-8647-5AD07A71A987}.Debug|Any CPU.ActiveCfg = Debug|Any CPU
		{C30031F6-2ACA-4C3F-8647-5AD07A71A987}.Debug|Any CPU.Build.0 = Debug|Any CPU
		{C30031F6-2ACA-4C3F-8647-5AD07A71A987}.Release|Any CPU.ActiveCfg = Release|Any CPU
		{C30031F6-2ACA-4C3F-8647-5AD07A71A987}.Release|Any CPU.Build.0 = Release|Any CPU
		{4A9E8651-EBBB-4D9E-B8A5-DD571531D36B}.Debug|Any CPU.ActiveCfg = Debug|Any CPU
		{4A9E8651-EBBB-4D9E-B8A5-DD571531D36B}.Debug|Any CPU.Build.0 = Debug|Any CPU
		{4A9E8651-EBBB-4D9E-B8A5-DD571531D36B}.Release|Any CPU.ActiveCfg = Release|Any CPU
		{4A9E8651-EBBB-4D9E-B8A5-DD571531D36B}.Release|Any CPU.Build.0 = Release|Any CPU
		{1D03DFDE-EE67-4F47-85D6-55016266B284}.Debug|Any CPU.ActiveCfg = Debug|Any CPU
		{1D03DFDE-EE67-4F47-85D6-55016266B284}.Debug|Any CPU.Build.0 = Debug|Any CPU
		{1D03DFDE-EE67-4F47-85D6-55016266B284}.Release|Any CPU.ActiveCfg = Release|Any CPU
		{1D03DFDE-EE67-4F47-85D6-55016266B284}.Release|Any CPU.Build.0 = Release|Any CPU
		{0678E90B-5BB3-440A-916A-2D096E368B26}.Debug|Any CPU.ActiveCfg = Debug|Any CPU
		{0678E90B-5BB3-440A-916A-2D096E368B26}.Debug|Any CPU.Build.0 = Debug|Any CPU
		{0678E90B-5BB3-440A-916A-2D096E368B26}.Release|Any CPU.ActiveCfg = Release|Any CPU
		{0678E90B-5BB3-440A-916A-2D096E368B26}.Release|Any CPU.Build.0 = Release|Any CPU
		{5BE2F252-0444-4534-B4FF-638BF5DE6054}.Debug|Any CPU.ActiveCfg = Debug|Any CPU
		{5BE2F252-0444-4534-B4FF-638BF5DE6054}.Debug|Any CPU.Build.0 = Debug|Any CPU
		{5BE2F252-0444-4534-B4FF-638BF5DE6054}.Release|Any CPU.ActiveCfg = Release|Any CPU
		{5BE2F252-0444-4534-B4FF-638BF5DE6054}.Release|Any CPU.Build.0 = Release|Any CPU
		{E4DC4703-C702-404C-A540-E8AAB1198CD6}.Debug|Any CPU.ActiveCfg = Debug|Any CPU
		{E4DC4703-C702-404C-A540-E8AAB1198CD6}.Debug|Any CPU.Build.0 = Debug|Any CPU
		{E4DC4703-C702-404C-A540-E8AAB1198CD6}.Release|Any CPU.ActiveCfg = Release|Any CPU
		{E4DC4703-C702-404C-A540-E8AAB1198CD6}.Release|Any CPU.Build.0 = Release|Any CPU
	EndGlobalSection
	GlobalSection(SolutionProperties) = preSolution
		HideSolutionNode = FALSE
	EndGlobalSection
	GlobalSection(NestedProjects) = preSolution
		{1071F12D-C7E4-413E-AB74-CA00745CE833} = {4D19495F-F4AB-4C1F-8612-F4FDE81C3948}
		{3167B24A-4646-45F6-9BA0-27D2CF711BD7} = {4D19495F-F4AB-4C1F-8612-F4FDE81C3948}
		{9B413E6C-28D7-4655-AB17-7CA02755ADED} = {4D19495F-F4AB-4C1F-8612-F4FDE81C3948}
		{D8C584C7-F114-4601-B3B4-C9B7B422BFDF} = {4D19495F-F4AB-4C1F-8612-F4FDE81C3948}
		{14276246-325D-4AAB-93EE-306346360B2F} = {07C2E710-62E4-4EBD-88FA-9D4E58A73C80}
		{73F95DF1-9CCD-425E-8FCD-F5F7396F4666} = {07C2E710-62E4-4EBD-88FA-9D4E58A73C80}
		{73A39F95-3CE8-4530-B7F0-5D257DAE789E} = {07C2E710-62E4-4EBD-88FA-9D4E58A73C80}
		{80B80BD6-A0C4-4C98-BEE1-FDE9663103CE} = {07C2E710-62E4-4EBD-88FA-9D4E58A73C80}
		{F2C7A5FD-C1E4-4EED-97C9-D538F3CF3802} = {07C2E710-62E4-4EBD-88FA-9D4E58A73C80}
		{A553106B-D9E6-4379-A49B-4A85F26AB8D1} = {07C2E710-62E4-4EBD-88FA-9D4E58A73C80}
		{6313743E-A35B-46C4-8401-55700F3BCE1F} = {07C2E710-62E4-4EBD-88FA-9D4E58A73C80}
		{19D7CDE9-EFA8-415B-AE0C-D8C5580A6D06} = {07C2E710-62E4-4EBD-88FA-9D4E58A73C80}
		{C30031F6-2ACA-4C3F-8647-5AD07A71A987} = {07C2E710-62E4-4EBD-88FA-9D4E58A73C80}
		{4A9E8651-EBBB-4D9E-B8A5-DD571531D36B} = {7065B335-01F2-42E5-B3A1-A8EF30BC6AC2}
		{1D03DFDE-EE67-4F47-85D6-55016266B284} = {7065B335-01F2-42E5-B3A1-A8EF30BC6AC2}
		{0678E90B-5BB3-440A-916A-2D096E368B26} = {7065B335-01F2-42E5-B3A1-A8EF30BC6AC2}
		{5BE2F252-0444-4534-B4FF-638BF5DE6054} = {7065B335-01F2-42E5-B3A1-A8EF30BC6AC2}
		{E4DC4703-C702-404C-A540-E8AAB1198CD6} = {7065B335-01F2-42E5-B3A1-A8EF30BC6AC2}
	EndGlobalSection
	GlobalSection(ExtensibilityGlobals) = postSolution
		SolutionGuid = {5601AF9B-4CD7-454B-9B86-61D267030B5E}
	EndGlobalSection
EndGlobal
