
Microsoft Visual Studio Solution File, Format Version 12.00
# Visual Studio Version 17
VisualStudioVersion = 17.4.33205.214
MinimumVisualStudioVersion = 10.0.40219.1
Project("{FAE04EC0-301F-11D3-BF4B-00C04F79EFBC}") = "LogIn_Form", "LogIn_Form\LogIn_Form.csproj", "{4450A24E-5BC7-4715-893C-706D0AFCE37D}"
EndProject
Global
	GlobalSection(SolutionConfigurationPlatforms) = preSolution
		Debug|Any CPU = Debug|Any CPU
		Release|Any CPU = Release|Any CPU
	EndGlobalSection
	GlobalSection(ProjectConfigurationPlatforms) = postSolution
		{4450A24E-5BC7-4715-893C-706D0AFCE37D}.Debug|Any CPU.ActiveCfg = Debug|Any CPU
		{4450A24E-5BC7-4715-893C-706D0AFCE37D}.Debug|Any CPU.Build.0 = Debug|Any CPU
		{4450A24E-5BC7-4715-893C-706D0AFCE37D}.Release|Any CPU.ActiveCfg = Release|Any CPU
		{4450A24E-5BC7-4715-893C-706D0AFCE37D}.Release|Any CPU.Build.0 = Release|Any CPU
	EndGlobalSection
	GlobalSection(SolutionProperties) = preSolution
		HideSolutionNode = FALSE
	EndGlobalSection
	GlobalSection(ExtensibilityGlobals) = postSolution
		SolutionGuid = {E1B5A94E-1A05-4C59-8D35-F3AE2E7B9E28}
	EndGlobalSection
EndGlobal
