
Microsoft Visual Studio Solution File, Format Version 12.00
# Visual Studio Version 17
VisualStudioVersion = 17.4.33110.190
MinimumVisualStudioVersion = 10.0.40219.1
Project("{FAE04EC0-301F-11D3-BF4B-00C04F79EFBC}") = "W2D1T1", "W2D1T1\W2D1T1.csproj", "{DAA89F67-7834-4E6F-B320-7E660C4907EE}"
EndProject
Project("{2150E333-8FDC-42A3-9474-1A3956D46DE8}") = "Day1", "Day1", "{EF49A94E-4625-41DC-8845-DB2A9552DB98}"
EndProject
Project("{FAE04EC0-301F-11D3-BF4B-00C04F79EFBC}") = "W2D1T2", "W2D1T2\W2D1T2.csproj", "{1C1DD0F0-55BE-4BD5-8B19-FF99BA2BD65E}"
EndProject
Project("{FAE04EC0-301F-11D3-BF4B-00C04F79EFBC}") = "W2D1T3", "W2D1T3\W2D1T3.csproj", "{76080036-0435-4972-B43D-D51D1C1AA726}"
EndProject
Project("{FAE04EC0-301F-11D3-BF4B-00C04F79EFBC}") = "W2D1T4", "W2D1T4\W2D1T4.csproj", "{32D46B38-E7FC-482D-985A-B9B1A0EA1180}"
EndProject
Project("{2150E333-8FDC-42A3-9474-1A3956D46DE8}") = "Day2", "Day2", "{79A8C617-07C1-4792-A13E-28FACEF9823D}"
EndProject
Project("{FAE04EC0-301F-11D3-BF4B-00C04F79EFBC}") = "W2D2T1", "W2D2T1\W2D2T1.csproj", "{BF314473-05F3-470C-88BB-5E6DBA30775F}"
EndProject
Project("{FAE04EC0-301F-11D3-BF4B-00C04F79EFBC}") = "W2D2T2", "W2D2T2\W2D2T2.csproj", "{1CD6E8CA-B7AF-4060-877C-A18B703255BA}"
EndProject
Project("{FAE04EC0-301F-11D3-BF4B-00C04F79EFBC}") = "W2D2T3", "W2D2T3\W2D2T3.csproj", "{1F9ABAEF-A7A4-4669-B7BD-F9023BD11507}"
EndProject
Project("{FAE04EC0-301F-11D3-BF4B-00C04F79EFBC}") = "W2D2T4", "W2D2T4\W2D2T4.csproj", "{51864B1F-BF71-4A7F-BC77-4B8F5025BD61}"
EndProject
Project("{FAE04EC0-301F-11D3-BF4B-00C04F79EFBC}") = "W2D2T5", "W2D2T5\W2D2T5.csproj", "{40D25F5C-50C3-4909-868A-3726B6B153C8}"
EndProject
Project("{FAE04EC0-301F-11D3-BF4B-00C04F79EFBC}") = "W2D2T6", "W2D2T6\W2D2T6.csproj", "{2F9FEDE9-7A6D-425C-9A3B-DC6B71E4CC3E}"
EndProject
Project("{FAE04EC0-301F-11D3-BF4B-00C04F79EFBC}") = "W2D2T7", "W2D2T7\W2D2T7.csproj", "{507694AE-D80A-4265-9121-F6E42697C859}"
EndProject
Project("{2150E333-8FDC-42A3-9474-1A3956D46DE8}") = "Day3", "Day3", "{FD9BB103-A0F4-4285-8DE0-7DA0E61C3325}"
EndProject
Project("{FAE04EC0-301F-11D3-BF4B-00C04F79EFBC}") = "W2D3T1", "W2D3T1\W2D3T1.csproj", "{99EE8348-2F65-47E4-BD97-F40DF88C0C85}"
EndProject
Project("{FAE04EC0-301F-11D3-BF4B-00C04F79EFBC}") = "W2D3T2", "W2D3T2\W2D3T2.csproj", "{CAAAE048-7562-42D1-9042-4E746B8451FD}"
EndProject
Project("{FAE04EC0-301F-11D3-BF4B-00C04F79EFBC}") = "W2D3T3_to_8", "W2D3T3_to_8\W2D3T3_to_8.csproj", "{E9C01F4F-8277-47E6-BB42-27BE7A87E09C}"
EndProject
Global
	GlobalSection(SolutionConfigurationPlatforms) = preSolution
		Debug|Any CPU = Debug|Any CPU
		Release|Any CPU = Release|Any CPU
	EndGlobalSection
	GlobalSection(ProjectConfigurationPlatforms) = postSolution
		{DAA89F67-7834-4E6F-B320-7E660C4907EE}.Debug|Any CPU.ActiveCfg = Debug|Any CPU
		{DAA89F67-7834-4E6F-B320-7E660C4907EE}.Debug|Any CPU.Build.0 = Debug|Any CPU
		{DAA89F67-7834-4E6F-B320-7E660C4907EE}.Release|Any CPU.ActiveCfg = Release|Any CPU
		{DAA89F67-7834-4E6F-B320-7E660C4907EE}.Release|Any CPU.Build.0 = Release|Any CPU
		{1C1DD0F0-55BE-4BD5-8B19-FF99BA2BD65E}.Debug|Any CPU.ActiveCfg = Debug|Any CPU
		{1C1DD0F0-55BE-4BD5-8B19-FF99BA2BD65E}.Debug|Any CPU.Build.0 = Debug|Any CPU
		{1C1DD0F0-55BE-4BD5-8B19-FF99BA2BD65E}.Release|Any CPU.ActiveCfg = Release|Any CPU
		{1C1DD0F0-55BE-4BD5-8B19-FF99BA2BD65E}.Release|Any CPU.Build.0 = Release|Any CPU
		{76080036-0435-4972-B43D-D51D1C1AA726}.Debug|Any CPU.ActiveCfg = Debug|Any CPU
		{76080036-0435-4972-B43D-D51D1C1AA726}.Debug|Any CPU.Build.0 = Debug|Any CPU
		{76080036-0435-4972-B43D-D51D1C1AA726}.Release|Any CPU.ActiveCfg = Release|Any CPU
		{76080036-0435-4972-B43D-D51D1C1AA726}.Release|Any CPU.Build.0 = Release|Any CPU
		{32D46B38-E7FC-482D-985A-B9B1A0EA1180}.Debug|Any CPU.ActiveCfg = Debug|Any CPU
		{32D46B38-E7FC-482D-985A-B9B1A0EA1180}.Debug|Any CPU.Build.0 = Debug|Any CPU
		{32D46B38-E7FC-482D-985A-B9B1A0EA1180}.Release|Any CPU.ActiveCfg = Release|Any CPU
		{32D46B38-E7FC-482D-985A-B9B1A0EA1180}.Release|Any CPU.Build.0 = Release|Any CPU
		{BF314473-05F3-470C-88BB-5E6DBA30775F}.Debug|Any CPU.ActiveCfg = Debug|Any CPU
		{BF314473-05F3-470C-88BB-5E6DBA30775F}.Debug|Any CPU.Build.0 = Debug|Any CPU
		{BF314473-05F3-470C-88BB-5E6DBA30775F}.Release|Any CPU.ActiveCfg = Release|Any CPU
		{BF314473-05F3-470C-88BB-5E6DBA30775F}.Release|Any CPU.Build.0 = Release|Any CPU
		{1CD6E8CA-B7AF-4060-877C-A18B703255BA}.Debug|Any CPU.ActiveCfg = Debug|Any CPU
		{1CD6E8CA-B7AF-4060-877C-A18B703255BA}.Debug|Any CPU.Build.0 = Debug|Any CPU
		{1CD6E8CA-B7AF-4060-877C-A18B703255BA}.Release|Any CPU.ActiveCfg = Release|Any CPU
		{1CD6E8CA-B7AF-4060-877C-A18B703255BA}.Release|Any CPU.Build.0 = Release|Any CPU
		{1F9ABAEF-A7A4-4669-B7BD-F9023BD11507}.Debug|Any CPU.ActiveCfg = Debug|Any CPU
		{1F9ABAEF-A7A4-4669-B7BD-F9023BD11507}.Debug|Any CPU.Build.0 = Debug|Any CPU
		{1F9ABAEF-A7A4-4669-B7BD-F9023BD11507}.Release|Any CPU.ActiveCfg = Release|Any CPU
		{1F9ABAEF-A7A4-4669-B7BD-F9023BD11507}.Release|Any CPU.Build.0 = Release|Any CPU
		{51864B1F-BF71-4A7F-BC77-4B8F5025BD61}.Debug|Any CPU.ActiveCfg = Debug|Any CPU
		{51864B1F-BF71-4A7F-BC77-4B8F5025BD61}.Debug|Any CPU.Build.0 = Debug|Any CPU
		{51864B1F-BF71-4A7F-BC77-4B8F5025BD61}.Release|Any CPU.ActiveCfg = Release|Any CPU
		{51864B1F-BF71-4A7F-BC77-4B8F5025BD61}.Release|Any CPU.Build.0 = Release|Any CPU
		{40D25F5C-50C3-4909-868A-3726B6B153C8}.Debug|Any CPU.ActiveCfg = Debug|Any CPU
		{40D25F5C-50C3-4909-868A-3726B6B153C8}.Debug|Any CPU.Build.0 = Debug|Any CPU
		{40D25F5C-50C3-4909-868A-3726B6B153C8}.Release|Any CPU.ActiveCfg = Release|Any CPU
		{40D25F5C-50C3-4909-868A-3726B6B153C8}.Release|Any CPU.Build.0 = Release|Any CPU
		{2F9FEDE9-7A6D-425C-9A3B-DC6B71E4CC3E}.Debug|Any CPU.ActiveCfg = Debug|Any CPU
		{2F9FEDE9-7A6D-425C-9A3B-DC6B71E4CC3E}.Debug|Any CPU.Build.0 = Debug|Any CPU
		{2F9FEDE9-7A6D-425C-9A3B-DC6B71E4CC3E}.Release|Any CPU.ActiveCfg = Release|Any CPU
		{2F9FEDE9-7A6D-425C-9A3B-DC6B71E4CC3E}.Release|Any CPU.Build.0 = Release|Any CPU
		{507694AE-D80A-4265-9121-F6E42697C859}.Debug|Any CPU.ActiveCfg = Debug|Any CPU
		{507694AE-D80A-4265-9121-F6E42697C859}.Debug|Any CPU.Build.0 = Debug|Any CPU
		{507694AE-D80A-4265-9121-F6E42697C859}.Release|Any CPU.ActiveCfg = Release|Any CPU
		{507694AE-D80A-4265-9121-F6E42697C859}.Release|Any CPU.Build.0 = Release|Any CPU
		{99EE8348-2F65-47E4-BD97-F40DF88C0C85}.Debug|Any CPU.ActiveCfg = Debug|Any CPU
		{99EE8348-2F65-47E4-BD97-F40DF88C0C85}.Debug|Any CPU.Build.0 = Debug|Any CPU
		{99EE8348-2F65-47E4-BD97-F40DF88C0C85}.Release|Any CPU.ActiveCfg = Release|Any CPU
		{99EE8348-2F65-47E4-BD97-F40DF88C0C85}.Release|Any CPU.Build.0 = Release|Any CPU
		{CAAAE048-7562-42D1-9042-4E746B8451FD}.Debug|Any CPU.ActiveCfg = Debug|Any CPU
		{CAAAE048-7562-42D1-9042-4E746B8451FD}.Debug|Any CPU.Build.0 = Debug|Any CPU
		{CAAAE048-7562-42D1-9042-4E746B8451FD}.Release|Any CPU.ActiveCfg = Release|Any CPU
		{CAAAE048-7562-42D1-9042-4E746B8451FD}.Release|Any CPU.Build.0 = Release|Any CPU
		{E9C01F4F-8277-47E6-BB42-27BE7A87E09C}.Debug|Any CPU.ActiveCfg = Debug|Any CPU
		{E9C01F4F-8277-47E6-BB42-27BE7A87E09C}.Debug|Any CPU.Build.0 = Debug|Any CPU
		{E9C01F4F-8277-47E6-BB42-27BE7A87E09C}.Release|Any CPU.ActiveCfg = Release|Any CPU
		{E9C01F4F-8277-47E6-BB42-27BE7A87E09C}.Release|Any CPU.Build.0 = Release|Any CPU
	EndGlobalSection
	GlobalSection(SolutionProperties) = preSolution
		HideSolutionNode = FALSE
	EndGlobalSection
	GlobalSection(NestedProjects) = preSolution
		{DAA89F67-7834-4E6F-B320-7E660C4907EE} = {EF49A94E-4625-41DC-8845-DB2A9552DB98}
		{1C1DD0F0-55BE-4BD5-8B19-FF99BA2BD65E} = {EF49A94E-4625-41DC-8845-DB2A9552DB98}
		{76080036-0435-4972-B43D-D51D1C1AA726} = {EF49A94E-4625-41DC-8845-DB2A9552DB98}
		{32D46B38-E7FC-482D-985A-B9B1A0EA1180} = {EF49A94E-4625-41DC-8845-DB2A9552DB98}
		{BF314473-05F3-470C-88BB-5E6DBA30775F} = {79A8C617-07C1-4792-A13E-28FACEF9823D}
		{1CD6E8CA-B7AF-4060-877C-A18B703255BA} = {79A8C617-07C1-4792-A13E-28FACEF9823D}
		{1F9ABAEF-A7A4-4669-B7BD-F9023BD11507} = {79A8C617-07C1-4792-A13E-28FACEF9823D}
		{51864B1F-BF71-4A7F-BC77-4B8F5025BD61} = {79A8C617-07C1-4792-A13E-28FACEF9823D}
		{40D25F5C-50C3-4909-868A-3726B6B153C8} = {79A8C617-07C1-4792-A13E-28FACEF9823D}
		{2F9FEDE9-7A6D-425C-9A3B-DC6B71E4CC3E} = {79A8C617-07C1-4792-A13E-28FACEF9823D}
		{507694AE-D80A-4265-9121-F6E42697C859} = {79A8C617-07C1-4792-A13E-28FACEF9823D}
		{99EE8348-2F65-47E4-BD97-F40DF88C0C85} = {FD9BB103-A0F4-4285-8DE0-7DA0E61C3325}
		{CAAAE048-7562-42D1-9042-4E746B8451FD} = {FD9BB103-A0F4-4285-8DE0-7DA0E61C3325}
		{E9C01F4F-8277-47E6-BB42-27BE7A87E09C} = {FD9BB103-A0F4-4285-8DE0-7DA0E61C3325}
	EndGlobalSection
	GlobalSection(ExtensibilityGlobals) = postSolution
		SolutionGuid = {991F1697-BBFD-4F86-BF62-4374BE0A0456}
	EndGlobalSection
EndGlobal
