
Microsoft Visual Studio Solution File, Format Version 12.00
# Visual Studio Version 17
VisualStudioVersion = 17.4.33110.190
MinimumVisualStudioVersion = 10.0.40219.1
Project("{FAE04EC0-301F-11D3-BF4B-00C04F79EFBC}") = "WE_PF_Assignment_04_2DArray", "WE_PF_Assignment_04_2DArray\WE_PF_Assignment_04_2DArray.csproj", "{CA3245B5-57FB-473F-B1A2-515592FC1DEC}"
EndProject
Global
	GlobalSection(SolutionConfigurationPlatforms) = preSolution
		Debug|Any CPU = Debug|Any CPU
		Release|Any CPU = Release|Any CPU
	EndGlobalSection
	GlobalSection(ProjectConfigurationPlatforms) = postSolution
		{CA3245B5-57FB-473F-B1A2-515592FC1DEC}.Debug|Any CPU.ActiveCfg = Debug|Any CPU
		{CA3245B5-57FB-473F-B1A2-515592FC1DEC}.Debug|Any CPU.Build.0 = Debug|Any CPU
		{CA3245B5-57FB-473F-B1A2-515592FC1DEC}.Release|Any CPU.ActiveCfg = Release|Any CPU
		{CA3245B5-57FB-473F-B1A2-515592FC1DEC}.Release|Any CPU.Build.0 = Release|Any CPU
	EndGlobalSection
	GlobalSection(SolutionProperties) = preSolution
		HideSolutionNode = FALSE
	EndGlobalSection
	GlobalSection(ExtensibilityGlobals) = postSolution
		SolutionGuid = {19110B1A-BFA3-4CAF-B641-151B25E2291D}
	EndGlobalSection
EndGlobal
